// !$*UTF8*$!
{
	archiveVersion = 1;
	classes = {
	};
	objectVersion = 46;
	objects = {

/* Begin PBXBuildFile section */
		974584FA185A45180037213A /* FacebookSDK.framework in Frameworks */ = {isa = PBXBuildFile; fileRef = 974584F9185A45180037213A /* FacebookSDK.framework */; };
		974584FC185A470D0037213A /* Parse.framework in Frameworks */ = {isa = PBXBuildFile; fileRef = 974584FB185A470D0037213A /* Parse.framework */; };
		974584FE185A474E0037213A /* AudioToolbox.framework in Frameworks */ = {isa = PBXBuildFile; fileRef = 974584FD185A474E0037213A /* AudioToolbox.framework */; };
		97458500185A47550037213A /* CFNetwork.framework in Frameworks */ = {isa = PBXBuildFile; fileRef = 974584FF185A47550037213A /* CFNetwork.framework */; };
		97458502185A47650037213A /* CoreLocation.framework in Frameworks */ = {isa = PBXBuildFile; fileRef = 97458501185A47650037213A /* CoreLocation.framework */; };
		97458504185A47700037213A /* libz.1.1.3.dylib in Frameworks */ = {isa = PBXBuildFile; fileRef = 97458503185A47700037213A /* libz.1.1.3.dylib */; };
		97458506185A47770037213A /* MobileCoreServices.framework in Frameworks */ = {isa = PBXBuildFile; fileRef = 97458505185A47770037213A /* MobileCoreServices.framework */; };
		97458508185A477F0037213A /* QuartzCore.framework in Frameworks */ = {isa = PBXBuildFile; fileRef = 97458507185A477F0037213A /* QuartzCore.framework */; };
		9745850A185A47860037213A /* Security.framework in Frameworks */ = {isa = PBXBuildFile; fileRef = 97458509185A47860037213A /* Security.framework */; };
		9745850C185A47940037213A /* StoreKit.framework in Frameworks */ = {isa = PBXBuildFile; fileRef = 9745850B185A47940037213A /* StoreKit.framework */; };
		9745850E185A479E0037213A /* SystemConfiguration.framework in Frameworks */ = {isa = PBXBuildFile; fileRef = 9745850D185A479E0037213A /* SystemConfiguration.framework */; };
		97458511185A576A0037213A /* LoginViewController.m in Sources */ = {isa = PBXBuildFile; fileRef = 97458510185A576A0037213A /* LoginViewController.m */; };
		97458517185A57990037213A /* LoginViewController.xib in Resources */ = {isa = PBXBuildFile; fileRef = 97458512185A57990037213A /* LoginViewController.xib */; };
		97458518185A57990037213A /* UserDetailsViewController.m in Sources */ = {isa = PBXBuildFile; fileRef = 97458514185A57990037213A /* UserDetailsViewController.m */; };
		97458519185A57990037213A /* UserDetailsViewController.xib in Resources */ = {isa = PBXBuildFile; fileRef = 97458515185A57990037213A /* UserDetailsViewController.xib */; };
		9745851A185A57990037213A /* TableHeaderView.xib in Resources */ = {isa = PBXBuildFile; fileRef = 97458516185A57990037213A /* TableHeaderView.xib */; };
		9745851E185A59390037213A /* login-button-small-pressed.png in Resources */ = {isa = PBXBuildFile; fileRef = 9745851D185A59390037213A /* login-button-small-pressed.png */; };
		97458520185A59400037213A /* login-button-small-pressed@2x.png in Resources */ = {isa = PBXBuildFile; fileRef = 9745851F185A59400037213A /* login-button-small-pressed@2x.png */; };
		97458522185A59490037213A /* login-button-small.png in Resources */ = {isa = PBXBuildFile; fileRef = 97458521185A59490037213A /* login-button-small.png */; };
		97458524185A59590037213A /* login-button-small@2x.png in Resources */ = {isa = PBXBuildFile; fileRef = 97458523185A59590037213A /* login-button-small@2x.png */; };
		97458526185A59630037213A /* Default-568h@2x.png in Resources */ = {isa = PBXBuildFile; fileRef = 97458525185A59630037213A /* Default-568h@2x.png */; };
		97458528185A596C0037213A /* Default.png in Resources */ = {isa = PBXBuildFile; fileRef = 97458527185A596C0037213A /* Default.png */; };
		9745852A185A59720037213A /* Default@2x.png in Resources */ = {isa = PBXBuildFile; fileRef = 97458529185A59720037213A /* Default@2x.png */; };
		97E0FB301859145800FCA336 /* Foundation.framework in Frameworks */ = {isa = PBXBuildFile; fileRef = 97E0FB2F1859145800FCA336 /* Foundation.framework */; };
		97E0FB321859145800FCA336 /* CoreGraphics.framework in Frameworks */ = {isa = PBXBuildFile; fileRef = 97E0FB311859145800FCA336 /* CoreGraphics.framework */; };
		97E0FB341859145800FCA336 /* UIKit.framework in Frameworks */ = {isa = PBXBuildFile; fileRef = 97E0FB331859145800FCA336 /* UIKit.framework */; };
		97E0FB3A1859145800FCA336 /* InfoPlist.strings in Resources */ = {isa = PBXBuildFile; fileRef = 97E0FB381859145800FCA336 /* InfoPlist.strings */; };
		97E0FB3C1859145800FCA336 /* main.m in Sources */ = {isa = PBXBuildFile; fileRef = 97E0FB3B1859145800FCA336 /* main.m */; };
		97E0FB401859145800FCA336 /* AppDelegate.m in Sources */ = {isa = PBXBuildFile; fileRef = 97E0FB3F1859145800FCA336 /* AppDelegate.m */; };
		97E0FB431859145800FCA336 /* Main.storyboard in Resources */ = {isa = PBXBuildFile; fileRef = 97E0FB411859145800FCA336 /* Main.storyboard */; };
		97E0FB461859145800FCA336 /* FirstViewController.m in Sources */ = {isa = PBXBuildFile; fileRef = 97E0FB451859145800FCA336 /* FirstViewController.m */; };
		97E0FB491859145800FCA336 /* SecondViewController.m in Sources */ = {isa = PBXBuildFile; fileRef = 97E0FB481859145800FCA336 /* SecondViewController.m */; };
		97E0FB4B1859145800FCA336 /* Images.xcassets in Resources */ = {isa = PBXBuildFile; fileRef = 97E0FB4A1859145800FCA336 /* Images.xcassets */; };
		97E0FB521859145800FCA336 /* XCTest.framework in Frameworks */ = {isa = PBXBuildFile; fileRef = 97E0FB511859145800FCA336 /* XCTest.framework */; };
		97E0FB531859145800FCA336 /* Foundation.framework in Frameworks */ = {isa = PBXBuildFile; fileRef = 97E0FB2F1859145800FCA336 /* Foundation.framework */; };
		97E0FB541859145800FCA336 /* UIKit.framework in Frameworks */ = {isa = PBXBuildFile; fileRef = 97E0FB331859145800FCA336 /* UIKit.framework */; };
		97E0FB5C1859145800FCA336 /* InfoPlist.strings in Resources */ = {isa = PBXBuildFile; fileRef = 97E0FB5A1859145800FCA336 /* InfoPlist.strings */; };
		97E0FB5E1859145800FCA336 /* VeggieMKETests.m in Sources */ = {isa = PBXBuildFile; fileRef = 97E0FB5D1859145800FCA336 /* VeggieMKETests.m */; };
/* End PBXBuildFile section */

/* Begin PBXContainerItemProxy section */
		97E0FB551859145800FCA336 /* PBXContainerItemProxy */ = {
			isa = PBXContainerItemProxy;
			containerPortal = 97E0FB241859145700FCA336 /* Project object */;
			proxyType = 1;
			remoteGlobalIDString = 97E0FB2B1859145800FCA336;
			remoteInfo = VeggieMKE;
		};
/* End PBXContainerItemProxy section */

/* Begin PBXFileReference section */
		974584F9185A45180037213A /* FacebookSDK.framework */ = {isa = PBXFileReference; lastKnownFileType = wrapper.framework; name = FacebookSDK.framework; path = ../../../../Documents/FacebookSDK/FacebookSDK.framework; sourceTree = "<group>"; };
		974584FB185A470D0037213A /* Parse.framework */ = {isa = PBXFileReference; lastKnownFileType = wrapper.framework; path = Parse.framework; sourceTree = "<group>"; };
		974584FD185A474E0037213A /* AudioToolbox.framework */ = {isa = PBXFileReference; lastKnownFileType = wrapper.framework; name = AudioToolbox.framework; path = System/Library/Frameworks/AudioToolbox.framework; sourceTree = SDKROOT; };
		974584FF185A47550037213A /* CFNetwork.framework */ = {isa = PBXFileReference; lastKnownFileType = wrapper.framework; name = CFNetwork.framework; path = System/Library/Frameworks/CFNetwork.framework; sourceTree = SDKROOT; };
		97458501185A47650037213A /* CoreLocation.framework */ = {isa = PBXFileReference; lastKnownFileType = wrapper.framework; name = CoreLocation.framework; path = System/Library/Frameworks/CoreLocation.framework; sourceTree = SDKROOT; };
		97458503185A47700037213A /* libz.1.1.3.dylib */ = {isa = PBXFileReference; lastKnownFileType = "compiled.mach-o.dylib"; name = libz.1.1.3.dylib; path = usr/lib/libz.1.1.3.dylib; sourceTree = SDKROOT; };
		97458505185A47770037213A /* MobileCoreServices.framework */ = {isa = PBXFileReference; lastKnownFileType = wrapper.framework; name = MobileCoreServices.framework; path = System/Library/Frameworks/MobileCoreServices.framework; sourceTree = SDKROOT; };
		97458507185A477F0037213A /* QuartzCore.framework */ = {isa = PBXFileReference; lastKnownFileType = wrapper.framework; name = QuartzCore.framework; path = System/Library/Frameworks/QuartzCore.framework; sourceTree = SDKROOT; };
		97458509185A47860037213A /* Security.framework */ = {isa = PBXFileReference; lastKnownFileType = wrapper.framework; name = Security.framework; path = System/Library/Frameworks/Security.framework; sourceTree = SDKROOT; };
		9745850B185A47940037213A /* StoreKit.framework */ = {isa = PBXFileReference; lastKnownFileType = wrapper.framework; name = StoreKit.framework; path = System/Library/Frameworks/StoreKit.framework; sourceTree = SDKROOT; };
		9745850D185A479E0037213A /* SystemConfiguration.framework */ = {isa = PBXFileReference; lastKnownFileType = wrapper.framework; name = SystemConfiguration.framework; path = System/Library/Frameworks/SystemConfiguration.framework; sourceTree = SDKROOT; };
		9745850F185A57280037213A /* LoginViewController.h */ = {isa = PBXFileReference; fileEncoding = 4; lastKnownFileType = sourcecode.c.h; path = LoginViewController.h; sourceTree = "<group>"; };
		97458510185A576A0037213A /* LoginViewController.m */ = {isa = PBXFileReference; fileEncoding = 4; lastKnownFileType = sourcecode.c.objc; path = LoginViewController.m; sourceTree = "<group>"; };
		97458512185A57990037213A /* LoginViewController.xib */ = {isa = PBXFileReference; fileEncoding = 4; lastKnownFileType = file.xib; path = LoginViewController.xib; sourceTree = "<group>"; };
		97458513185A57990037213A /* UserDetailsViewController.h */ = {isa = PBXFileReference; fileEncoding = 4; lastKnownFileType = sourcecode.c.h; path = UserDetailsViewController.h; sourceTree = "<group>"; };
		97458514185A57990037213A /* UserDetailsViewController.m */ = {isa = PBXFileReference; fileEncoding = 4; lastKnownFileType = sourcecode.c.objc; path = UserDetailsViewController.m; sourceTree = "<group>"; };
		97458515185A57990037213A /* UserDetailsViewController.xib */ = {isa = PBXFileReference; fileEncoding = 4; lastKnownFileType = file.xib; path = UserDetailsViewController.xib; sourceTree = "<group>"; };
		97458516185A57990037213A /* TableHeaderView.xib */ = {isa = PBXFileReference; fileEncoding = 4; lastKnownFileType = file.xib; path = TableHeaderView.xib; sourceTree = "<group>"; };
		9745851D185A59390037213A /* login-button-small-pressed.png */ = {isa = PBXFileReference; lastKnownFileType = image.png; path = "login-button-small-pressed.png"; sourceTree = "<group>"; };
		9745851F185A59400037213A /* login-button-small-pressed@2x.png */ = {isa = PBXFileReference; lastKnownFileType = image.png; path = "login-button-small-pressed@2x.png"; sourceTree = "<group>"; };
		97458521185A59490037213A /* login-button-small.png */ = {isa = PBXFileReference; lastKnownFileType = image.png; path = "login-button-small.png"; sourceTree = "<group>"; };
		97458523185A59590037213A /* login-button-small@2x.png */ = {isa = PBXFileReference; lastKnownFileType = image.png; path = "login-button-small@2x.png"; sourceTree = "<group>"; };
		97458525185A59630037213A /* Default-568h@2x.png */ = {isa = PBXFileReference; lastKnownFileType = image.png; path = "Default-568h@2x.png"; sourceTree = "<group>"; };
		97458527185A596C0037213A /* Default.png */ = {isa = PBXFileReference; lastKnownFileType = image.png; path = Default.png; sourceTree = "<group>"; };
		97458529185A59720037213A /* Default@2x.png */ = {isa = PBXFileReference; lastKnownFileType = image.png; path = "Default@2x.png"; sourceTree = "<group>"; };
		97E0FB2C1859145800FCA336 /* VeggieMKE.app */ = {isa = PBXFileReference; explicitFileType = wrapper.application; includeInIndex = 0; path = VeggieMKE.app; sourceTree = BUILT_PRODUCTS_DIR; };
		97E0FB2F1859145800FCA336 /* Foundation.framework */ = {isa = PBXFileReference; lastKnownFileType = wrapper.framework; name = Foundation.framework; path = System/Library/Frameworks/Foundation.framework; sourceTree = SDKROOT; };
		97E0FB311859145800FCA336 /* CoreGraphics.framework */ = {isa = PBXFileReference; lastKnownFileType = wrapper.framework; name = CoreGraphics.framework; path = System/Library/Frameworks/CoreGraphics.framework; sourceTree = SDKROOT; };
		97E0FB331859145800FCA336 /* UIKit.framework */ = {isa = PBXFileReference; lastKnownFileType = wrapper.framework; name = UIKit.framework; path = System/Library/Frameworks/UIKit.framework; sourceTree = SDKROOT; };
		97E0FB371859145800FCA336 /* VeggieMKE-Info.plist */ = {isa = PBXFileReference; lastKnownFileType = text.plist.xml; path = "VeggieMKE-Info.plist"; sourceTree = "<group>"; };
		97E0FB391859145800FCA336 /* en */ = {isa = PBXFileReference; lastKnownFileType = text.plist.strings; name = en; path = en.lproj/InfoPlist.strings; sourceTree = "<group>"; };
		97E0FB3B1859145800FCA336 /* main.m */ = {isa = PBXFileReference; lastKnownFileType = sourcecode.c.objc; path = main.m; sourceTree = "<group>"; };
		97E0FB3D1859145800FCA336 /* VeggieMKE-Prefix.pch */ = {isa = PBXFileReference; lastKnownFileType = sourcecode.c.h; path = "VeggieMKE-Prefix.pch"; sourceTree = "<group>"; };
		97E0FB3E1859145800FCA336 /* AppDelegate.h */ = {isa = PBXFileReference; lastKnownFileType = sourcecode.c.h; path = AppDelegate.h; sourceTree = "<group>"; };
		97E0FB3F1859145800FCA336 /* AppDelegate.m */ = {isa = PBXFileReference; lastKnownFileType = sourcecode.c.objc; path = AppDelegate.m; sourceTree = "<group>"; };
		97E0FB421859145800FCA336 /* Base */ = {isa = PBXFileReference; lastKnownFileType = file.storyboard; name = Base; path = Base.lproj/Main.storyboard; sourceTree = "<group>"; };
		97E0FB441859145800FCA336 /* FirstViewController.h */ = {isa = PBXFileReference; lastKnownFileType = sourcecode.c.h; path = FirstViewController.h; sourceTree = "<group>"; };
		97E0FB451859145800FCA336 /* FirstViewController.m */ = {isa = PBXFileReference; lastKnownFileType = sourcecode.c.objc; path = FirstViewController.m; sourceTree = "<group>"; };
		97E0FB471859145800FCA336 /* SecondViewController.h */ = {isa = PBXFileReference; lastKnownFileType = sourcecode.c.h; path = SecondViewController.h; sourceTree = "<group>"; };
		97E0FB481859145800FCA336 /* SecondViewController.m */ = {isa = PBXFileReference; lastKnownFileType = sourcecode.c.objc; path = SecondViewController.m; sourceTree = "<group>"; };
		97E0FB4A1859145800FCA336 /* Images.xcassets */ = {isa = PBXFileReference; lastKnownFileType = folder.assetcatalog; path = Images.xcassets; sourceTree = "<group>"; };
		97E0FB501859145800FCA336 /* VeggieMKETests.xctest */ = {isa = PBXFileReference; explicitFileType = wrapper.cfbundle; includeInIndex = 0; path = VeggieMKETests.xctest; sourceTree = BUILT_PRODUCTS_DIR; };
		97E0FB511859145800FCA336 /* XCTest.framework */ = {isa = PBXFileReference; lastKnownFileType = wrapper.framework; name = XCTest.framework; path = Library/Frameworks/XCTest.framework; sourceTree = DEVELOPER_DIR; };
		97E0FB591859145800FCA336 /* VeggieMKETests-Info.plist */ = {isa = PBXFileReference; lastKnownFileType = text.plist.xml; path = "VeggieMKETests-Info.plist"; sourceTree = "<group>"; };
		97E0FB5B1859145800FCA336 /* en */ = {isa = PBXFileReference; lastKnownFileType = text.plist.strings; name = en; path = en.lproj/InfoPlist.strings; sourceTree = "<group>"; };
		97E0FB5D1859145800FCA336 /* VeggieMKETests.m */ = {isa = PBXFileReference; lastKnownFileType = sourcecode.c.objc; path = VeggieMKETests.m; sourceTree = "<group>"; };
/* End PBXFileReference section */

/* Begin PBXFrameworksBuildPhase section */
		97E0FB291859145800FCA336 /* Frameworks */ = {
			isa = PBXFrameworksBuildPhase;
			buildActionMask = 2147483647;
			files = (
				9745850E185A479E0037213A /* SystemConfiguration.framework in Frameworks */,
				9745850C185A47940037213A /* StoreKit.framework in Frameworks */,
				9745850A185A47860037213A /* Security.framework in Frameworks */,
				97458508185A477F0037213A /* QuartzCore.framework in Frameworks */,
				97458506185A47770037213A /* MobileCoreServices.framework in Frameworks */,
				97458504185A47700037213A /* libz.1.1.3.dylib in Frameworks */,
				97458502185A47650037213A /* CoreLocation.framework in Frameworks */,
				97E0FB321859145800FCA336 /* CoreGraphics.framework in Frameworks */,
				97458500185A47550037213A /* CFNetwork.framework in Frameworks */,
				974584FE185A474E0037213A /* AudioToolbox.framework in Frameworks */,
				974584FA185A45180037213A /* FacebookSDK.framework in Frameworks */,
				97E0FB341859145800FCA336 /* UIKit.framework in Frameworks */,
				97E0FB301859145800FCA336 /* Foundation.framework in Frameworks */,
				974584FC185A470D0037213A /* Parse.framework in Frameworks */,
			);
			runOnlyForDeploymentPostprocessing = 0;
		};
		97E0FB4D1859145800FCA336 /* Frameworks */ = {
			isa = PBXFrameworksBuildPhase;
			buildActionMask = 2147483647;
			files = (
				97E0FB521859145800FCA336 /* XCTest.framework in Frameworks */,
				97E0FB541859145800FCA336 /* UIKit.framework in Frameworks */,
				97E0FB531859145800FCA336 /* Foundation.framework in Frameworks */,
			);
			runOnlyForDeploymentPostprocessing = 0;
		};
/* End PBXFrameworksBuildPhase section */

/* Begin PBXGroup section */
		9745851B185A57CA0037213A /* FromFacebookIntegrationProject */ = {
			isa = PBXGroup;
			children = (
				97458514185A57990037213A /* UserDetailsViewController.m */,
				97458515185A57990037213A /* UserDetailsViewController.xib */,
				97458516185A57990037213A /* TableHeaderView.xib */,
				97458510185A576A0037213A /* LoginViewController.m */,
				9745850F185A57280037213A /* LoginViewController.h */,
				97458513185A57990037213A /* UserDetailsViewController.h */,
				97458512185A57990037213A /* LoginViewController.xib */,
			);
			name = FromFacebookIntegrationProject;
			sourceTree = "<group>";
		};
		9745851C185A58020037213A /* FromFacebookIntegrationProject */ = {
			isa = PBXGroup;
			children = (
				97458529185A59720037213A /* Default@2x.png */,
				97458527185A596C0037213A /* Default.png */,
				97458525185A59630037213A /* Default-568h@2x.png */,
				97458523185A59590037213A /* login-button-small@2x.png */,
				97458521185A59490037213A /* login-button-small.png */,
				9745851F185A59400037213A /* login-button-small-pressed@2x.png */,
				9745851D185A59390037213A /* login-button-small-pressed.png */,
			);
			name = FromFacebookIntegrationProject;
			sourceTree = "<group>";
		};
		97E0FB231859145700FCA336 = {
			isa = PBXGroup;
			children = (
				97E0FB351859145800FCA336 /* VeggieMKE */,
				97E0FB571859145800FCA336 /* VeggieMKETests */,
				97E0FB2E1859145800FCA336 /* Frameworks */,
				97E0FB2D1859145800FCA336 /* Products */,
			);
			sourceTree = "<group>";
		};
		97E0FB2D1859145800FCA336 /* Products */ = {
			isa = PBXGroup;
			children = (
				97E0FB2C1859145800FCA336 /* VeggieMKE.app */,
				97E0FB501859145800FCA336 /* VeggieMKETests.xctest */,
			);
			name = Products;
			sourceTree = "<group>";
		};
		97E0FB2E1859145800FCA336 /* Frameworks */ = {
			isa = PBXGroup;
			children = (
				9745850D185A479E0037213A /* SystemConfiguration.framework */,
				9745850B185A47940037213A /* StoreKit.framework */,
				97458509185A47860037213A /* Security.framework */,
				97458507185A477F0037213A /* QuartzCore.framework */,
				97458505185A47770037213A /* MobileCoreServices.framework */,
				97458503185A47700037213A /* libz.1.1.3.dylib */,
				97458501185A47650037213A /* CoreLocation.framework */,
				974584FF185A47550037213A /* CFNetwork.framework */,
				974584FD185A474E0037213A /* AudioToolbox.framework */,
				974584FB185A470D0037213A /* Parse.framework */,
				974584F9185A45180037213A /* FacebookSDK.framework */,
				97E0FB2F1859145800FCA336 /* Foundation.framework */,
				97E0FB311859145800FCA336 /* CoreGraphics.framework */,
				97E0FB331859145800FCA336 /* UIKit.framework */,
				97E0FB511859145800FCA336 /* XCTest.framework */,
			);
			name = Frameworks;
			sourceTree = "<group>";
		};
		97E0FB351859145800FCA336 /* VeggieMKE */ = {
			isa = PBXGroup;
			children = (
				9745851B185A57CA0037213A /* FromFacebookIntegrationProject */,
				97E0FB3E1859145800FCA336 /* AppDelegate.h */,
				97E0FB3F1859145800FCA336 /* AppDelegate.m */,
				97E0FB411859145800FCA336 /* Main.storyboard */,
				97E0FB441859145800FCA336 /* FirstViewController.h */,
				97E0FB451859145800FCA336 /* FirstViewController.m */,
				97E0FB471859145800FCA336 /* SecondViewController.h */,
				97E0FB481859145800FCA336 /* SecondViewController.m */,
				97E0FB4A1859145800FCA336 /* Images.xcassets */,
				97E0FB361859145800FCA336 /* Supporting Files */,
			);
			path = VeggieMKE;
			sourceTree = "<group>";
		};
		97E0FB361859145800FCA336 /* Supporting Files */ = {
			isa = PBXGroup;
			children = (
				9745851C185A58020037213A /* FromFacebookIntegrationProject */,
				97E0FB371859145800FCA336 /* VeggieMKE-Info.plist */,
				97E0FB381859145800FCA336 /* InfoPlist.strings */,
				97E0FB3B1859145800FCA336 /* main.m */,
				97E0FB3D1859145800FCA336 /* VeggieMKE-Prefix.pch */,
			);
			name = "Supporting Files";
			sourceTree = "<group>";
		};
		97E0FB571859145800FCA336 /* VeggieMKETests */ = {
			isa = PBXGroup;
			children = (
				97E0FB5D1859145800FCA336 /* VeggieMKETests.m */,
				97E0FB581859145800FCA336 /* Supporting Files */,
			);
			path = VeggieMKETests;
			sourceTree = "<group>";
		};
		97E0FB581859145800FCA336 /* Supporting Files */ = {
			isa = PBXGroup;
			children = (
				97E0FB591859145800FCA336 /* VeggieMKETests-Info.plist */,
				97E0FB5A1859145800FCA336 /* InfoPlist.strings */,
			);
			name = "Supporting Files";
			sourceTree = "<group>";
		};
/* End PBXGroup section */

/* Begin PBXNativeTarget section */
		97E0FB2B1859145800FCA336 /* VeggieMKE */ = {
			isa = PBXNativeTarget;
			buildConfigurationList = 97E0FB611859145800FCA336 /* Build configuration list for PBXNativeTarget "VeggieMKE" */;
			buildPhases = (
				97E0FB281859145800FCA336 /* Sources */,
				97E0FB291859145800FCA336 /* Frameworks */,
				97E0FB2A1859145800FCA336 /* Resources */,
			);
			buildRules = (
			);
			dependencies = (
			);
			name = VeggieMKE;
			productName = VeggieMKE;
			productReference = 97E0FB2C1859145800FCA336 /* VeggieMKE.app */;
			productType = "com.apple.product-type.application";
		};
		97E0FB4F1859145800FCA336 /* VeggieMKETests */ = {
			isa = PBXNativeTarget;
			buildConfigurationList = 97E0FB641859145800FCA336 /* Build configuration list for PBXNativeTarget "VeggieMKETests" */;
			buildPhases = (
				97E0FB4C1859145800FCA336 /* Sources */,
				97E0FB4D1859145800FCA336 /* Frameworks */,
				97E0FB4E1859145800FCA336 /* Resources */,
			);
			buildRules = (
			);
			dependencies = (
				97E0FB561859145800FCA336 /* PBXTargetDependency */,
			);
			name = VeggieMKETests;
			productName = VeggieMKETests;
			productReference = 97E0FB501859145800FCA336 /* VeggieMKETests.xctest */;
			productType = "com.apple.product-type.bundle.unit-test";
		};
/* End PBXNativeTarget section */

/* Begin PBXProject section */
		97E0FB241859145700FCA336 /* Project object */ = {
			isa = PBXProject;
			attributes = {
				LastUpgradeCheck = 0500;
				ORGANIZATIONNAME = AmandaJo;
				TargetAttributes = {
					97E0FB2B1859145800FCA336 = {
						DevelopmentTeam = VTBTVRL7MA;
					};
					97E0FB4F1859145800FCA336 = {
						TestTargetID = 97E0FB2B1859145800FCA336;
					};
				};
			};
			buildConfigurationList = 97E0FB271859145700FCA336 /* Build configuration list for PBXProject "VeggieMKE" */;
			compatibilityVersion = "Xcode 3.2";
			developmentRegion = English;
			hasScannedForEncodings = 0;
			knownRegions = (
				en,
				Base,
			);
			mainGroup = 97E0FB231859145700FCA336;
			productRefGroup = 97E0FB2D1859145800FCA336 /* Products */;
			projectDirPath = "";
			projectRoot = "";
			targets = (
				97E0FB2B1859145800FCA336 /* VeggieMKE */,
				97E0FB4F1859145800FCA336 /* VeggieMKETests */,
			);
		};
/* End PBXProject section */

/* Begin PBXResourcesBuildPhase section */
		97E0FB2A1859145800FCA336 /* Resources */ = {
			isa = PBXResourcesBuildPhase;
			buildActionMask = 2147483647;
			files = (
				9745851E185A59390037213A /* login-button-small-pressed.png in Resources */,
				97458526185A59630037213A /* Default-568h@2x.png in Resources */,
				97458519185A57990037213A /* UserDetailsViewController.xib in Resources */,
				97458517185A57990037213A /* LoginViewController.xib in Resources */,
				9745852A185A59720037213A /* Default@2x.png in Resources */,
				97458520185A59400037213A /* login-button-small-pressed@2x.png in Resources */,
				97458522185A59490037213A /* login-button-small.png in Resources */,
				97E0FB4B1859145800FCA336 /* Images.xcassets in Resources */,
				97458528185A596C0037213A /* Default.png in Resources */,
				97458524185A59590037213A /* login-button-small@2x.png in Resources */,
				97E0FB3A1859145800FCA336 /* InfoPlist.strings in Resources */,
				9745851A185A57990037213A /* TableHeaderView.xib in Resources */,
				97E0FB431859145800FCA336 /* Main.storyboard in Resources */,
			);
			runOnlyForDeploymentPostprocessing = 0;
		};
		97E0FB4E1859145800FCA336 /* Resources */ = {
			isa = PBXResourcesBuildPhase;
			buildActionMask = 2147483647;
			files = (
				97E0FB5C1859145800FCA336 /* InfoPlist.strings in Resources */,
			);
			runOnlyForDeploymentPostprocessing = 0;
		};
/* End PBXResourcesBuildPhase section */

/* Begin PBXSourcesBuildPhase section */
		97E0FB281859145800FCA336 /* Sources */ = {
			isa = PBXSourcesBuildPhase;
			buildActionMask = 2147483647;
			files = (
				97E0FB491859145800FCA336 /* SecondViewController.m in Sources */,
				97E0FB401859145800FCA336 /* AppDelegate.m in Sources */,
				97E0FB461859145800FCA336 /* FirstViewController.m in Sources */,
				97E0FB3C1859145800FCA336 /* main.m in Sources */,
				97458518185A57990037213A /* UserDetailsViewController.m in Sources */,
				97458511185A576A0037213A /* LoginViewController.m in Sources */,
			);
			runOnlyForDeploymentPostprocessing = 0;
		};
		97E0FB4C1859145800FCA336 /* Sources */ = {
			isa = PBXSourcesBuildPhase;
			buildActionMask = 2147483647;
			files = (
				97E0FB5E1859145800FCA336 /* VeggieMKETests.m in Sources */,
			);
			runOnlyForDeploymentPostprocessing = 0;
		};
/* End PBXSourcesBuildPhase section */

/* Begin PBXTargetDependency section */
		97E0FB561859145800FCA336 /* PBXTargetDependency */ = {
			isa = PBXTargetDependency;
			target = 97E0FB2B1859145800FCA336 /* VeggieMKE */;
			targetProxy = 97E0FB551859145800FCA336 /* PBXContainerItemProxy */;
		};
/* End PBXTargetDependency section */

/* Begin PBXVariantGroup section */
		97E0FB381859145800FCA336 /* InfoPlist.strings */ = {
			isa = PBXVariantGroup;
			children = (
				97E0FB391859145800FCA336 /* en */,
			);
			name = InfoPlist.strings;
			sourceTree = "<group>";
		};
		97E0FB411859145800FCA336 /* Main.storyboard */ = {
			isa = PBXVariantGroup;
			children = (
				97E0FB421859145800FCA336 /* Base */,
			);
			name = Main.storyboard;
			sourceTree = "<group>";
		};
		97E0FB5A1859145800FCA336 /* InfoPlist.strings */ = {
			isa = PBXVariantGroup;
			children = (
				97E0FB5B1859145800FCA336 /* en */,
			);
			name = InfoPlist.strings;
			sourceTree = "<group>";
		};
/* End PBXVariantGroup section */

/* Begin XCBuildConfiguration section */
		97E0FB5F1859145800FCA336 /* Debug */ = {
			isa = XCBuildConfiguration;
			buildSettings = {
				ALWAYS_SEARCH_USER_PATHS = NO;
				ARCHS = "$(ARCHS_STANDARD_INCLUDING_64_BIT)";
				CLANG_CXX_LANGUAGE_STANDARD = "gnu++0x";
				CLANG_CXX_LIBRARY = "libc++";
				CLANG_ENABLE_MODULES = YES;
				CLANG_ENABLE_OBJC_ARC = YES;
				CLANG_WARN_BOOL_CONVERSION = YES;
				CLANG_WARN_CONSTANT_CONVERSION = YES;
				CLANG_WARN_DIRECT_OBJC_ISA_USAGE = YES_ERROR;
				CLANG_WARN_EMPTY_BODY = YES;
				CLANG_WARN_ENUM_CONVERSION = YES;
				CLANG_WARN_INT_CONVERSION = YES;
				CLANG_WARN_OBJC_ROOT_CLASS = YES_ERROR;
				CLANG_WARN__DUPLICATE_METHOD_MATCH = YES;
				"CODE_SIGN_IDENTITY[sdk=iphoneos*]" = "iPhone Developer";
				COPY_PHASE_STRIP = NO;
				GCC_C_LANGUAGE_STANDARD = gnu99;
				GCC_DYNAMIC_NO_PIC = NO;
				GCC_OPTIMIZATION_LEVEL = 0;
				GCC_PREPROCESSOR_DEFINITIONS = (
					"DEBUG=1",
					"$(inherited)",
				);
				GCC_SYMBOLS_PRIVATE_EXTERN = NO;
				GCC_WARN_64_TO_32_BIT_CONVERSION = YES;
				GCC_WARN_ABOUT_RETURN_TYPE = YES_ERROR;
				GCC_WARN_UNDECLARED_SELECTOR = YES;
				GCC_WARN_UNINITIALIZED_AUTOS = YES;
				GCC_WARN_UNUSED_FUNCTION = YES;
				GCC_WARN_UNUSED_VARIABLE = YES;
				IPHONEOS_DEPLOYMENT_TARGET = 7.0;
				ONLY_ACTIVE_ARCH = YES;
				SDKROOT = iphoneos;
			};
			name = Debug;
		};
		97E0FB601859145800FCA336 /* Release */ = {
			isa = XCBuildConfiguration;
			buildSettings = {
				ALWAYS_SEARCH_USER_PATHS = NO;
				ARCHS = "$(ARCHS_STANDARD_INCLUDING_64_BIT)";
				CLANG_CXX_LANGUAGE_STANDARD = "gnu++0x";
				CLANG_CXX_LIBRARY = "libc++";
				CLANG_ENABLE_MODULES = YES;
				CLANG_ENABLE_OBJC_ARC = YES;
				CLANG_WARN_BOOL_CONVERSION = YES;
				CLANG_WARN_CONSTANT_CONVERSION = YES;
				CLANG_WARN_DIRECT_OBJC_ISA_USAGE = YES_ERROR;
				CLANG_WARN_EMPTY_BODY = YES;
				CLANG_WARN_ENUM_CONVERSION = YES;
				CLANG_WARN_INT_CONVERSION = YES;
				CLANG_WARN_OBJC_ROOT_CLASS = YES_ERROR;
				CLANG_WARN__DUPLICATE_METHOD_MATCH = YES;
				"CODE_SIGN_IDENTITY[sdk=iphoneos*]" = "iPhone Developer";
				COPY_PHASE_STRIP = YES;
				ENABLE_NS_ASSERTIONS = NO;
				GCC_C_LANGUAGE_STANDARD = gnu99;
				GCC_WARN_64_TO_32_BIT_CONVERSION = YES;
				GCC_WARN_ABOUT_RETURN_TYPE = YES_ERROR;
				GCC_WARN_UNDECLARED_SELECTOR = YES;
				GCC_WARN_UNINITIALIZED_AUTOS = YES;
				GCC_WARN_UNUSED_FUNCTION = YES;
				GCC_WARN_UNUSED_VARIABLE = YES;
				IPHONEOS_DEPLOYMENT_TARGET = 7.0;
				SDKROOT = iphoneos;
				VALIDATE_PRODUCT = YES;
			};
			name = Release;
		};
		97E0FB621859145800FCA336 /* Debug */ = {
			isa = XCBuildConfiguration;
			buildSettings = {
				ASSETCATALOG_COMPILER_APPICON_NAME = AppIcon;
				ASSETCATALOG_COMPILER_LAUNCHIMAGE_NAME = LaunchImage;
				CODE_SIGN_IDENTITY = "iPhone Developer";
				"CODE_SIGN_IDENTITY[sdk=iphoneos*]" = "iPhone Developer";
				FRAMEWORK_SEARCH_PATHS = (
					"$(inherited)",
					/Users/amandalangley/Desktop/Projects/VeggieMKE/VeggieMKE,
					/Users/amandalangley/Documents/FacebookSDK,
				);
				GCC_PRECOMPILE_PREFIX_HEADER = YES;
				GCC_PREFIX_HEADER = "VeggieMKE/VeggieMKE-Prefix.pch";
				INFOPLIST_FILE = "VeggieMKE/VeggieMKE-Info.plist";
				PRODUCT_NAME = "$(TARGET_NAME)";
				PROVISIONING_PROFILE = "";
				WRAPPER_EXTENSION = app;
			};
			name = Debug;
		};
		97E0FB631859145800FCA336 /* Release */ = {
			isa = XCBuildConfiguration;
			buildSettings = {
				ASSETCATALOG_COMPILER_APPICON_NAME = AppIcon;
				ASSETCATALOG_COMPILER_LAUNCHIMAGE_NAME = LaunchImage;
				CODE_SIGN_IDENTITY = "iPhone Developer";
				"CODE_SIGN_IDENTITY[sdk=iphoneos*]" = "iPhone Developer";
				FRAMEWORK_SEARCH_PATHS = (
					"$(inherited)",
					/Users/amandalangley/Desktop/Projects/VeggieMKE/VeggieMKE,
					/Users/amandalangley/Documents/FacebookSDK,
				);
				GCC_PRECOMPILE_PREFIX_HEADER = YES;
				GCC_PREFIX_HEADER = "VeggieMKE/VeggieMKE-Prefix.pch";
				INFOPLIST_FILE = "VeggieMKE/VeggieMKE-Info.plist";
				PRODUCT_NAME = "$(TARGET_NAME)";
				PROVISIONING_PROFILE = "";
				WRAPPER_EXTENSION = app;
			};
			name = Release;
		};
		97E0FB651859145800FCA336 /* Debug */ = {
			isa = XCBuildConfiguration;
			buildSettings = {
				ARCHS = "$(ARCHS_STANDARD_INCLUDING_64_BIT)";
				BUNDLE_LOADER = "$(BUILT_PRODUCTS_DIR)/VeggieMKE.app/VeggieMKE";
				FRAMEWORK_SEARCH_PATHS = (
					"$(SDKROOT)/Developer/Library/Frameworks",
					"$(inherited)",
					"$(DEVELOPER_FRAMEWORKS_DIR)",
				);
				GCC_PRECOMPILE_PREFIX_HEADER = YES;
				GCC_PREFIX_HEADER = "VeggieMKE/VeggieMKE-Prefix.pch";
				GCC_PREPROCESSOR_DEFINITIONS = (
					"DEBUG=1",
					"$(inherited)",
				);
				INFOPLIST_FILE = "VeggieMKETests/VeggieMKETests-Info.plist";
				PRODUCT_NAME = "$(TARGET_NAME)";
				TEST_HOST = "$(BUNDLE_LOADER)";
				WRAPPER_EXTENSION = xctest;
			};
			name = Debug;
		};
		97E0FB661859145800FCA336 /* Release */ = {
			isa = XCBuildConfiguration;
			buildSettings = {
				ARCHS = "$(ARCHS_STANDARD_INCLUDING_64_BIT)";
				BUNDLE_LOADER = "$(BUILT_PRODUCTS_DIR)/VeggieMKE.app/VeggieMKE";
				FRAMEWORK_SEARCH_PATHS = (
					"$(SDKROOT)/Developer/Library/Frameworks",
					"$(inherited)",
					"$(DEVELOPER_FRAMEWORKS_DIR)",
				);
				GCC_PRECOMPILE_PREFIX_HEADER = YES;
				GCC_PREFIX_HEADER = "VeggieMKE/VeggieMKE-Prefix.pch";
				INFOPLIST_FILE = "VeggieMKETests/VeggieMKETests-Info.plist";
				PRODUCT_NAME = "$(TARGET_NAME)";
				TEST_HOST = "$(BUNDLE_LOADER)";
				WRAPPER_EXTENSION = xctest;
			};
			name = Release;
		};
/* End XCBuildConfiguration section */

/* Begin XCConfigurationList section */
		97E0FB271859145700FCA336 /* Build configuration list for PBXProject "VeggieMKE" */ = {
			isa = XCConfigurationList;
			buildConfigurations = (
				97E0FB5F1859145800FCA336 /* Debug */,
				97E0FB601859145800FCA336 /* Release */,
			);
			defaultConfigurationIsVisible = 0;
			defaultConfigurationName = Release;
		};
		97E0FB611859145800FCA336 /* Build configuration list for PBXNativeTarget "VeggieMKE" */ = {
			isa = XCConfigurationList;
			buildConfigurations = (
				97E0FB621859145800FCA336 /* Debug */,
				97E0FB631859145800FCA336 /* Release */,
			);
			defaultConfigurationIsVisible = 0;
			defaultConfigurationName = Release;
		};
		97E0FB641859145800FCA336 /* Build configuration list for PBXNativeTarget "VeggieMKETests" */ = {
			isa = XCConfigurationList;
			buildConfigurations = (
				97E0FB651859145800FCA336 /* Debug */,
				97E0FB661859145800FCA336 /* Release */,
			);
			defaultConfigurationIsVisible = 0;
			defaultConfigurationName = Release;
		};
/* End XCConfigurationList section */
	};
	rootObject = 97E0FB241859145700FCA336 /* Project object */;
}
